
Microsoft Visual Studio Solution File, Format Version 12.00
# Visual Studio Version 17
VisualStudioVersion = 17.0.32112.339
MinimumVisualStudioVersion = 10.0.40219.1
Project("{2150E333-8FDC-42A3-9474-1A3956D46DE8}") = "Libs", "Libs", "{9DF4D31B-55A7-4062-A079-43CA413F3EAD}"
EndProject
Project("{9A19103F-16F7-4668-BE54-9A1E7A4F7556}") = "Sentinel.Common", "Libs\Sentinel.Common\Sentinel.Common.csproj", "{EC11DCCF-DA7A-4940-B2DF-753FDC843674}"
EndProject
Project("{9A19103F-16F7-4668-BE54-9A1E7A4F7556}") = "Sentinel.Common.Tests", "Libs\Sentinel.Common.Tests\Sentinel.Common.Tests.csproj", "{A7CECCC5-BFF8-49D5-AB1A-D986D536A527}"
EndProject
Project("{9A19103F-16F7-4668-BE54-9A1E7A4F7556}") = "Sentinel.K8s", "Libs\Sentinel.K8s\Sentinel.K8s.csproj", "{4FC9F467-DEE7-4048-981B-299B0A10223D}"
EndProject
Project("{9A19103F-16F7-4668-BE54-9A1E7A4F7556}") = "Sentinel.K8s.Tests", "Libs\Sentinel.K8s.Tests\Sentinel.K8s.Tests.csproj", "{3144A2BA-82EC-480C-8722-97E4AA39F476}"
EndProject
Project("{9A19103F-16F7-4668-BE54-9A1E7A4F7556}") = "Sentinel.Models", "Libs\Sentinel.Models\Sentinel.Models.csproj", "{745E6BD0-D36F-457D-BCCE-2EEC41A3516D}"
EndProject
Project("{9A19103F-16F7-4668-BE54-9A1E7A4F7556}") = "Sentinel.Models.Tests", "Libs\Sentinel.Models.Tests\Sentinel.Models.Tests.csproj", "{B524554A-C30D-4831-B222-AA4CCAA3909F}"
EndProject
Project("{2150E333-8FDC-42A3-9474-1A3956D46DE8}") = "Workers", "Workers", "{5EA38950-6A73-400C-8858-6840DCA6FD52}"
EndProject
Project("{9A19103F-16F7-4668-BE54-9A1E7A4F7556}") = "Sentinel.Worker.HealthChecker", "Workers\Sentinel.Worker.HealthChecker\Sentinel.Worker.HealthChecker.csproj", "{BB7DDF67-A9D7-4E4C-8E24-04315167B4A6}"
EndProject
Project("{9A19103F-16F7-4668-BE54-9A1E7A4F7556}") = "Sentinel.Worker.HealthChecker.Tests", "Workers\Sentinel.Worker.HealthChecker.Tests\Sentinel.Worker.HealthChecker.Tests.csproj", "{373B16B4-C149-4631-A6D6-71C82360BEF4}"
EndProject
Project("{9A19103F-16F7-4668-BE54-9A1E7A4F7556}") = "Sentinel.Worker.Scaler", "Workers\Sentinel.Worker.Scaler\Sentinel.Worker.Scaler.csproj", "{E9E80BE3-ADCF-4943-B555-6BBB5F8FBD92}"
EndProject
Project("{9A19103F-16F7-4668-BE54-9A1E7A4F7556}") = "Sentinel.Worker.Scaler.Tests", "Workers\Sentinel.Worker.Scaler.Tests\Sentinel.Worker.Scaler.Tests.csproj", "{B0214478-0745-464A-8176-7153C4CC2EE5}"
EndProject
Project("{9A19103F-16F7-4668-BE54-9A1E7A4F7556}") = "Sentinel.Worker.Screenshot", "Workers\Sentinel.Worker.Screenshot\Sentinel.Worker.Screenshot.csproj", "{85345BE2-B175-4637-AF95-0E6EAB9321CA}"
EndProject
Project("{9A19103F-16F7-4668-BE54-9A1E7A4F7556}") = "Sentinel.Worker.Screenshot.Tests", "Workers\Sentinel.Worker.Screenshot.Tests\Sentinel.Worker.Screenshot.Tests.csproj", "{D7722F9B-D675-4D2C-9AD4-CA55F54AC552}"
EndProject
Project("{9A19103F-16F7-4668-BE54-9A1E7A4F7556}") = "Sentinel.Worker.SecretGenerator", "Workers\Sentinel.Worker.SecretGenerator\Sentinel.Worker.SecretGenerator.csproj", "{FAF78AF0-13A8-4D55-BA1E-08606C93E52E}"
EndProject
Project("{9A19103F-16F7-4668-BE54-9A1E7A4F7556}") = "Sentinel.Worker.SecretGenerator.Tests", "Workers\Sentinel.Worker.SecretGenerator.Tests\Sentinel.Worker.SecretGenerator.Tests.csproj", "{21035A90-6636-461A-8CA6-945A86660D01}"
EndProject
Project("{9A19103F-16F7-4668-BE54-9A1E7A4F7556}") = "Sentinel.Redis", "Libs\Sentinel.Redis\Sentinel.Redis.csproj", "{9C1B87EA-24CD-4730-A0ED-8D2EA08D381B}"
EndProject
Project("{9A19103F-16F7-4668-BE54-9A1E7A4F7556}") = "Sentinel.Redis.Tests", "Libs\Sentinel.Redis.Tests\Sentinel.Redis.Tests.csproj", "{F5BA5D36-A1AB-4A08-B968-E7906861DFCC}"
EndProject
Project("{9A19103F-16F7-4668-BE54-9A1E7A4F7556}") = "Sentinel.Scheduler", "Libs\Sentinel.Scheduler\Sentinel.Scheduler.csproj", "{6BA8E14A-35CD-4F60-8102-B7F777561D11}"
EndProject
Project("{9A19103F-16F7-4668-BE54-9A1E7A4F7556}") = "Sentinel.Scheduler.Tests", "Libs\Sentinel.Scheduler.Tests\Sentinel.Scheduler.Tests.csproj", "{50C42321-57A8-4152-9997-D0407BBC5562}"
EndProject
Project("{9A19103F-16F7-4668-BE54-9A1E7A4F7556}") = "Sentinel.Scheduler.Benchmark", "Libs\Sentinel.Scheduler.Benchmark\Sentinel.Scheduler.Benchmark.csproj", "{2B606ECE-FADF-483E-9EDD-21805852A44D}"
EndProject
Project("{9A19103F-16F7-4668-BE54-9A1E7A4F7556}") = "Sentinel.Tests.Helpers", "Libs\Sentinel.Tests.Helpers\Sentinel.Tests.Helpers.csproj", "{D8357E1B-8B21-42B6-9781-2065C348DD78}"
EndProject
Project("{FAE04EC0-301F-11D3-BF4B-00C04F79EFBC}") = "Sentinel.Mongo", "Libs\Sentinel.Mongo\Sentinel.Mongo.csproj", "{041E93D4-35D7-4ECE-AE89-F67C6396FF3B}"
EndProject
Project("{FAE04EC0-301F-11D3-BF4B-00C04F79EFBC}") = "Sentinel.Mongo.Tests", "Libs\Sentinel.Mongo.Tests\Sentinel.Mongo.Tests.csproj", "{EFD0FB37-71D4-4D73-B59E-515C501398E0}"
EndProject
Project("{2150E333-8FDC-42A3-9474-1A3956D46DE8}") = "Apis", "Apis", "{D9AE02FD-C082-4088-B6F7-8D7297408246}"
EndProject
Project("{FAE04EC0-301F-11D3-BF4B-00C04F79EFBC}") = "Sentinel.Api.HealthMonitoring", "Apis\Sentinel.Api.HealthMonitoring\Sentinel.Api.HealthMonitoring.csproj", "{5232508B-CCD8-48CC-94DB-D7D5A19E78FF}"
EndProject
Project("{FAE04EC0-301F-11D3-BF4B-00C04F79EFBC}") = "Sentinel.PubSub", "Libs\Sentinel.PubSub\Sentinel.PubSub.csproj", "{68B29BBD-1CA1-45A6-9AF9-983FE866F9E0}"
EndProject
Project("{FAE04EC0-301F-11D3-BF4B-00C04F79EFBC}") = "Sentinel.PubSub.Tests", "Libs\Sentinel.PubSub.Tests\Sentinel.PubSub.Tests.csproj", "{49F2CE39-C95E-4396-BB43-F310A7FC537E}"
EndProject
Project("{FAE04EC0-301F-11D3-BF4B-00C04F79EFBC}") = "Sentinel.Worker.Core", "Workers\Sentinel.Worker.Core\Sentinel.Worker.Core.csproj", "{D1BAE319-6E91-44E0-98E7-1E8D46ACB6B3}"
EndProject
Project("{FAE04EC0-301F-11D3-BF4B-00C04F79EFBC}") = "Sentinel.Worker.Core.Tests", "Workers\Sentinel.Worker.Core.Tests\Sentinel.Worker.Core.Tests.csproj", "{8DF365A7-BE21-4CCD-B34C-EA514CB66EB6}"
EndProject
Project("{FAE04EC0-301F-11D3-BF4B-00C04F79EFBC}") = "Sentinel.Comms", "Libs\Sentinel.Comms\Sentinel.Comms.csproj", "{FFD13685-CDAB-41CE-9B71-412886A84390}"
EndProject
Project("{FAE04EC0-301F-11D3-BF4B-00C04F79EFBC}") = "Sentinel.Comms.Tests", "Libs\Sentinel.Comms.Tests\Sentinel.Comms.Tests.csproj", "{D8374A41-EF09-4D99-81AE-D959D1A62F5A}"
EndProject
Global
	GlobalSection(SolutionConfigurationPlatforms) = preSolution
		Debug|Any CPU = Debug|Any CPU
		Debug|x64 = Debug|x64
		Debug|x86 = Debug|x86
		Release|Any CPU = Release|Any CPU
		Release|x64 = Release|x64
		Release|x86 = Release|x86
	EndGlobalSection
	GlobalSection(ProjectConfigurationPlatforms) = postSolution
		{EC11DCCF-DA7A-4940-B2DF-753FDC843674}.Debug|Any CPU.ActiveCfg = Debug|Any CPU
		{EC11DCCF-DA7A-4940-B2DF-753FDC843674}.Debug|Any CPU.Build.0 = Debug|Any CPU
		{EC11DCCF-DA7A-4940-B2DF-753FDC843674}.Debug|x64.ActiveCfg = Debug|Any CPU
		{EC11DCCF-DA7A-4940-B2DF-753FDC843674}.Debug|x64.Build.0 = Debug|Any CPU
		{EC11DCCF-DA7A-4940-B2DF-753FDC843674}.Debug|x86.ActiveCfg = Debug|Any CPU
		{EC11DCCF-DA7A-4940-B2DF-753FDC843674}.Debug|x86.Build.0 = Debug|Any CPU
		{EC11DCCF-DA7A-4940-B2DF-753FDC843674}.Release|Any CPU.ActiveCfg = Release|Any CPU
		{EC11DCCF-DA7A-4940-B2DF-753FDC843674}.Release|Any CPU.Build.0 = Release|Any CPU
		{EC11DCCF-DA7A-4940-B2DF-753FDC843674}.Release|x64.ActiveCfg = Release|Any CPU
		{EC11DCCF-DA7A-4940-B2DF-753FDC843674}.Release|x64.Build.0 = Release|Any CPU
		{EC11DCCF-DA7A-4940-B2DF-753FDC843674}.Release|x86.ActiveCfg = Release|Any CPU
		{EC11DCCF-DA7A-4940-B2DF-753FDC843674}.Release|x86.Build.0 = Release|Any CPU
		{A7CECCC5-BFF8-49D5-AB1A-D986D536A527}.Debug|Any CPU.ActiveCfg = Debug|Any CPU
		{A7CECCC5-BFF8-49D5-AB1A-D986D536A527}.Debug|Any CPU.Build.0 = Debug|Any CPU
		{A7CECCC5-BFF8-49D5-AB1A-D986D536A527}.Debug|x64.ActiveCfg = Debug|Any CPU
		{A7CECCC5-BFF8-49D5-AB1A-D986D536A527}.Debug|x64.Build.0 = Debug|Any CPU
		{A7CECCC5-BFF8-49D5-AB1A-D986D536A527}.Debug|x86.ActiveCfg = Debug|Any CPU
		{A7CECCC5-BFF8-49D5-AB1A-D986D536A527}.Debug|x86.Build.0 = Debug|Any CPU
		{A7CECCC5-BFF8-49D5-AB1A-D986D536A527}.Release|Any CPU.ActiveCfg = Release|Any CPU
		{A7CECCC5-BFF8-49D5-AB1A-D986D536A527}.Release|Any CPU.Build.0 = Release|Any CPU
		{A7CECCC5-BFF8-49D5-AB1A-D986D536A527}.Release|x64.ActiveCfg = Release|Any CPU
		{A7CECCC5-BFF8-49D5-AB1A-D986D536A527}.Release|x64.Build.0 = Release|Any CPU
		{A7CECCC5-BFF8-49D5-AB1A-D986D536A527}.Release|x86.ActiveCfg = Release|Any CPU
		{A7CECCC5-BFF8-49D5-AB1A-D986D536A527}.Release|x86.Build.0 = Release|Any CPU
		{4FC9F467-DEE7-4048-981B-299B0A10223D}.Debug|Any CPU.ActiveCfg = Debug|Any CPU
		{4FC9F467-DEE7-4048-981B-299B0A10223D}.Debug|Any CPU.Build.0 = Debug|Any CPU
		{4FC9F467-DEE7-4048-981B-299B0A10223D}.Debug|x64.ActiveCfg = Debug|Any CPU
		{4FC9F467-DEE7-4048-981B-299B0A10223D}.Debug|x64.Build.0 = Debug|Any CPU
		{4FC9F467-DEE7-4048-981B-299B0A10223D}.Debug|x86.ActiveCfg = Debug|Any CPU
		{4FC9F467-DEE7-4048-981B-299B0A10223D}.Debug|x86.Build.0 = Debug|Any CPU
		{4FC9F467-DEE7-4048-981B-299B0A10223D}.Release|Any CPU.ActiveCfg = Release|Any CPU
		{4FC9F467-DEE7-4048-981B-299B0A10223D}.Release|Any CPU.Build.0 = Release|Any CPU
		{4FC9F467-DEE7-4048-981B-299B0A10223D}.Release|x64.ActiveCfg = Release|Any CPU
		{4FC9F467-DEE7-4048-981B-299B0A10223D}.Release|x64.Build.0 = Release|Any CPU
		{4FC9F467-DEE7-4048-981B-299B0A10223D}.Release|x86.ActiveCfg = Release|Any CPU
		{4FC9F467-DEE7-4048-981B-299B0A10223D}.Release|x86.Build.0 = Release|Any CPU
		{3144A2BA-82EC-480C-8722-97E4AA39F476}.Debug|Any CPU.ActiveCfg = Debug|Any CPU
		{3144A2BA-82EC-480C-8722-97E4AA39F476}.Debug|Any CPU.Build.0 = Debug|Any CPU
		{3144A2BA-82EC-480C-8722-97E4AA39F476}.Debug|x64.ActiveCfg = Debug|Any CPU
		{3144A2BA-82EC-480C-8722-97E4AA39F476}.Debug|x64.Build.0 = Debug|Any CPU
		{3144A2BA-82EC-480C-8722-97E4AA39F476}.Debug|x86.ActiveCfg = Debug|Any CPU
		{3144A2BA-82EC-480C-8722-97E4AA39F476}.Debug|x86.Build.0 = Debug|Any CPU
		{3144A2BA-82EC-480C-8722-97E4AA39F476}.Release|Any CPU.ActiveCfg = Release|Any CPU
		{3144A2BA-82EC-480C-8722-97E4AA39F476}.Release|Any CPU.Build.0 = Release|Any CPU
		{3144A2BA-82EC-480C-8722-97E4AA39F476}.Release|x64.ActiveCfg = Release|Any CPU
		{3144A2BA-82EC-480C-8722-97E4AA39F476}.Release|x64.Build.0 = Release|Any CPU
		{3144A2BA-82EC-480C-8722-97E4AA39F476}.Release|x86.ActiveCfg = Release|Any CPU
		{3144A2BA-82EC-480C-8722-97E4AA39F476}.Release|x86.Build.0 = Release|Any CPU
		{745E6BD0-D36F-457D-BCCE-2EEC41A3516D}.Debug|Any CPU.ActiveCfg = Debug|Any CPU
		{745E6BD0-D36F-457D-BCCE-2EEC41A3516D}.Debug|Any CPU.Build.0 = Debug|Any CPU
		{745E6BD0-D36F-457D-BCCE-2EEC41A3516D}.Debug|x64.ActiveCfg = Debug|Any CPU
		{745E6BD0-D36F-457D-BCCE-2EEC41A3516D}.Debug|x64.Build.0 = Debug|Any CPU
		{745E6BD0-D36F-457D-BCCE-2EEC41A3516D}.Debug|x86.ActiveCfg = Debug|Any CPU
		{745E6BD0-D36F-457D-BCCE-2EEC41A3516D}.Debug|x86.Build.0 = Debug|Any CPU
		{745E6BD0-D36F-457D-BCCE-2EEC41A3516D}.Release|Any CPU.ActiveCfg = Release|Any CPU
		{745E6BD0-D36F-457D-BCCE-2EEC41A3516D}.Release|Any CPU.Build.0 = Release|Any CPU
		{745E6BD0-D36F-457D-BCCE-2EEC41A3516D}.Release|x64.ActiveCfg = Release|Any CPU
		{745E6BD0-D36F-457D-BCCE-2EEC41A3516D}.Release|x64.Build.0 = Release|Any CPU
		{745E6BD0-D36F-457D-BCCE-2EEC41A3516D}.Release|x86.ActiveCfg = Release|Any CPU
		{745E6BD0-D36F-457D-BCCE-2EEC41A3516D}.Release|x86.Build.0 = Release|Any CPU
		{B524554A-C30D-4831-B222-AA4CCAA3909F}.Debug|Any CPU.ActiveCfg = Debug|Any CPU
		{B524554A-C30D-4831-B222-AA4CCAA3909F}.Debug|Any CPU.Build.0 = Debug|Any CPU
		{B524554A-C30D-4831-B222-AA4CCAA3909F}.Debug|x64.ActiveCfg = Debug|Any CPU
		{B524554A-C30D-4831-B222-AA4CCAA3909F}.Debug|x64.Build.0 = Debug|Any CPU
		{B524554A-C30D-4831-B222-AA4CCAA3909F}.Debug|x86.ActiveCfg = Debug|Any CPU
		{B524554A-C30D-4831-B222-AA4CCAA3909F}.Debug|x86.Build.0 = Debug|Any CPU
		{B524554A-C30D-4831-B222-AA4CCAA3909F}.Release|Any CPU.ActiveCfg = Release|Any CPU
		{B524554A-C30D-4831-B222-AA4CCAA3909F}.Release|Any CPU.Build.0 = Release|Any CPU
		{B524554A-C30D-4831-B222-AA4CCAA3909F}.Release|x64.ActiveCfg = Release|Any CPU
		{B524554A-C30D-4831-B222-AA4CCAA3909F}.Release|x64.Build.0 = Release|Any CPU
		{B524554A-C30D-4831-B222-AA4CCAA3909F}.Release|x86.ActiveCfg = Release|Any CPU
		{B524554A-C30D-4831-B222-AA4CCAA3909F}.Release|x86.Build.0 = Release|Any CPU
		{BB7DDF67-A9D7-4E4C-8E24-04315167B4A6}.Debug|Any CPU.ActiveCfg = Debug|Any CPU
		{BB7DDF67-A9D7-4E4C-8E24-04315167B4A6}.Debug|Any CPU.Build.0 = Debug|Any CPU
		{BB7DDF67-A9D7-4E4C-8E24-04315167B4A6}.Debug|x64.ActiveCfg = Debug|Any CPU
		{BB7DDF67-A9D7-4E4C-8E24-04315167B4A6}.Debug|x64.Build.0 = Debug|Any CPU
		{BB7DDF67-A9D7-4E4C-8E24-04315167B4A6}.Debug|x86.ActiveCfg = Debug|Any CPU
		{BB7DDF67-A9D7-4E4C-8E24-04315167B4A6}.Debug|x86.Build.0 = Debug|Any CPU
		{BB7DDF67-A9D7-4E4C-8E24-04315167B4A6}.Release|Any CPU.ActiveCfg = Release|Any CPU
		{BB7DDF67-A9D7-4E4C-8E24-04315167B4A6}.Release|Any CPU.Build.0 = Release|Any CPU
		{BB7DDF67-A9D7-4E4C-8E24-04315167B4A6}.Release|x64.ActiveCfg = Release|Any CPU
		{BB7DDF67-A9D7-4E4C-8E24-04315167B4A6}.Release|x64.Build.0 = Release|Any CPU
		{BB7DDF67-A9D7-4E4C-8E24-04315167B4A6}.Release|x86.ActiveCfg = Release|Any CPU
		{BB7DDF67-A9D7-4E4C-8E24-04315167B4A6}.Release|x86.Build.0 = Release|Any CPU
		{373B16B4-C149-4631-A6D6-71C82360BEF4}.Debug|Any CPU.ActiveCfg = Debug|Any CPU
		{373B16B4-C149-4631-A6D6-71C82360BEF4}.Debug|Any CPU.Build.0 = Debug|Any CPU
		{373B16B4-C149-4631-A6D6-71C82360BEF4}.Debug|x64.ActiveCfg = Debug|Any CPU
		{373B16B4-C149-4631-A6D6-71C82360BEF4}.Debug|x64.Build.0 = Debug|Any CPU
		{373B16B4-C149-4631-A6D6-71C82360BEF4}.Debug|x86.ActiveCfg = Debug|Any CPU
		{373B16B4-C149-4631-A6D6-71C82360BEF4}.Debug|x86.Build.0 = Debug|Any CPU
		{373B16B4-C149-4631-A6D6-71C82360BEF4}.Release|Any CPU.ActiveCfg = Release|Any CPU
		{373B16B4-C149-4631-A6D6-71C82360BEF4}.Release|Any CPU.Build.0 = Release|Any CPU
		{373B16B4-C149-4631-A6D6-71C82360BEF4}.Release|x64.ActiveCfg = Release|Any CPU
		{373B16B4-C149-4631-A6D6-71C82360BEF4}.Release|x64.Build.0 = Release|Any CPU
		{373B16B4-C149-4631-A6D6-71C82360BEF4}.Release|x86.ActiveCfg = Release|Any CPU
		{373B16B4-C149-4631-A6D6-71C82360BEF4}.Release|x86.Build.0 = Release|Any CPU
		{E9E80BE3-ADCF-4943-B555-6BBB5F8FBD92}.Debug|Any CPU.ActiveCfg = Debug|Any CPU
		{E9E80BE3-ADCF-4943-B555-6BBB5F8FBD92}.Debug|Any CPU.Build.0 = Debug|Any CPU
		{E9E80BE3-ADCF-4943-B555-6BBB5F8FBD92}.Debug|x64.ActiveCfg = Debug|Any CPU
		{E9E80BE3-ADCF-4943-B555-6BBB5F8FBD92}.Debug|x64.Build.0 = Debug|Any CPU
		{E9E80BE3-ADCF-4943-B555-6BBB5F8FBD92}.Debug|x86.ActiveCfg = Debug|Any CPU
		{E9E80BE3-ADCF-4943-B555-6BBB5F8FBD92}.Debug|x86.Build.0 = Debug|Any CPU
		{E9E80BE3-ADCF-4943-B555-6BBB5F8FBD92}.Release|Any CPU.ActiveCfg = Release|Any CPU
		{E9E80BE3-ADCF-4943-B555-6BBB5F8FBD92}.Release|Any CPU.Build.0 = Release|Any CPU
		{E9E80BE3-ADCF-4943-B555-6BBB5F8FBD92}.Release|x64.ActiveCfg = Release|Any CPU
		{E9E80BE3-ADCF-4943-B555-6BBB5F8FBD92}.Release|x64.Build.0 = Release|Any CPU
		{E9E80BE3-ADCF-4943-B555-6BBB5F8FBD92}.Release|x86.ActiveCfg = Release|Any CPU
		{E9E80BE3-ADCF-4943-B555-6BBB5F8FBD92}.Release|x86.Build.0 = Release|Any CPU
		{B0214478-0745-464A-8176-7153C4CC2EE5}.Debug|Any CPU.ActiveCfg = Debug|Any CPU
		{B0214478-0745-464A-8176-7153C4CC2EE5}.Debug|Any CPU.Build.0 = Debug|Any CPU
		{B0214478-0745-464A-8176-7153C4CC2EE5}.Debug|x64.ActiveCfg = Debug|Any CPU
		{B0214478-0745-464A-8176-7153C4CC2EE5}.Debug|x64.Build.0 = Debug|Any CPU
		{B0214478-0745-464A-8176-7153C4CC2EE5}.Debug|x86.ActiveCfg = Debug|Any CPU
		{B0214478-0745-464A-8176-7153C4CC2EE5}.Debug|x86.Build.0 = Debug|Any CPU
		{B0214478-0745-464A-8176-7153C4CC2EE5}.Release|Any CPU.ActiveCfg = Release|Any CPU
		{B0214478-0745-464A-8176-7153C4CC2EE5}.Release|Any CPU.Build.0 = Release|Any CPU
		{B0214478-0745-464A-8176-7153C4CC2EE5}.Release|x64.ActiveCfg = Release|Any CPU
		{B0214478-0745-464A-8176-7153C4CC2EE5}.Release|x64.Build.0 = Release|Any CPU
		{B0214478-0745-464A-8176-7153C4CC2EE5}.Release|x86.ActiveCfg = Release|Any CPU
		{B0214478-0745-464A-8176-7153C4CC2EE5}.Release|x86.Build.0 = Release|Any CPU
		{85345BE2-B175-4637-AF95-0E6EAB9321CA}.Debug|Any CPU.ActiveCfg = Debug|Any CPU
		{85345BE2-B175-4637-AF95-0E6EAB9321CA}.Debug|Any CPU.Build.0 = Debug|Any CPU
		{85345BE2-B175-4637-AF95-0E6EAB9321CA}.Debug|x64.ActiveCfg = Debug|Any CPU
		{85345BE2-B175-4637-AF95-0E6EAB9321CA}.Debug|x64.Build.0 = Debug|Any CPU
		{85345BE2-B175-4637-AF95-0E6EAB9321CA}.Debug|x86.ActiveCfg = Debug|Any CPU
		{85345BE2-B175-4637-AF95-0E6EAB9321CA}.Debug|x86.Build.0 = Debug|Any CPU
		{85345BE2-B175-4637-AF95-0E6EAB9321CA}.Release|Any CPU.ActiveCfg = Release|Any CPU
		{85345BE2-B175-4637-AF95-0E6EAB9321CA}.Release|Any CPU.Build.0 = Release|Any CPU
		{85345BE2-B175-4637-AF95-0E6EAB9321CA}.Release|x64.ActiveCfg = Release|Any CPU
		{85345BE2-B175-4637-AF95-0E6EAB9321CA}.Release|x64.Build.0 = Release|Any CPU
		{85345BE2-B175-4637-AF95-0E6EAB9321CA}.Release|x86.ActiveCfg = Release|Any CPU
		{85345BE2-B175-4637-AF95-0E6EAB9321CA}.Release|x86.Build.0 = Release|Any CPU
		{D7722F9B-D675-4D2C-9AD4-CA55F54AC552}.Debug|Any CPU.ActiveCfg = Debug|Any CPU
		{D7722F9B-D675-4D2C-9AD4-CA55F54AC552}.Debug|Any CPU.Build.0 = Debug|Any CPU
		{D7722F9B-D675-4D2C-9AD4-CA55F54AC552}.Debug|x64.ActiveCfg = Debug|Any CPU
		{D7722F9B-D675-4D2C-9AD4-CA55F54AC552}.Debug|x64.Build.0 = Debug|Any CPU
		{D7722F9B-D675-4D2C-9AD4-CA55F54AC552}.Debug|x86.ActiveCfg = Debug|Any CPU
		{D7722F9B-D675-4D2C-9AD4-CA55F54AC552}.Debug|x86.Build.0 = Debug|Any CPU
		{D7722F9B-D675-4D2C-9AD4-CA55F54AC552}.Release|Any CPU.ActiveCfg = Release|Any CPU
		{D7722F9B-D675-4D2C-9AD4-CA55F54AC552}.Release|Any CPU.Build.0 = Release|Any CPU
		{D7722F9B-D675-4D2C-9AD4-CA55F54AC552}.Release|x64.ActiveCfg = Release|Any CPU
		{D7722F9B-D675-4D2C-9AD4-CA55F54AC552}.Release|x64.Build.0 = Release|Any CPU
		{D7722F9B-D675-4D2C-9AD4-CA55F54AC552}.Release|x86.ActiveCfg = Release|Any CPU
		{D7722F9B-D675-4D2C-9AD4-CA55F54AC552}.Release|x86.Build.0 = Release|Any CPU
		{FAF78AF0-13A8-4D55-BA1E-08606C93E52E}.Debug|Any CPU.ActiveCfg = Debug|Any CPU
		{FAF78AF0-13A8-4D55-BA1E-08606C93E52E}.Debug|Any CPU.Build.0 = Debug|Any CPU
		{FAF78AF0-13A8-4D55-BA1E-08606C93E52E}.Debug|x64.ActiveCfg = Debug|Any CPU
		{FAF78AF0-13A8-4D55-BA1E-08606C93E52E}.Debug|x64.Build.0 = Debug|Any CPU
		{FAF78AF0-13A8-4D55-BA1E-08606C93E52E}.Debug|x86.ActiveCfg = Debug|Any CPU
		{FAF78AF0-13A8-4D55-BA1E-08606C93E52E}.Debug|x86.Build.0 = Debug|Any CPU
		{FAF78AF0-13A8-4D55-BA1E-08606C93E52E}.Release|Any CPU.ActiveCfg = Release|Any CPU
		{FAF78AF0-13A8-4D55-BA1E-08606C93E52E}.Release|Any CPU.Build.0 = Release|Any CPU
		{FAF78AF0-13A8-4D55-BA1E-08606C93E52E}.Release|x64.ActiveCfg = Release|Any CPU
		{FAF78AF0-13A8-4D55-BA1E-08606C93E52E}.Release|x64.Build.0 = Release|Any CPU
		{FAF78AF0-13A8-4D55-BA1E-08606C93E52E}.Release|x86.ActiveCfg = Release|Any CPU
		{FAF78AF0-13A8-4D55-BA1E-08606C93E52E}.Release|x86.Build.0 = Release|Any CPU
		{21035A90-6636-461A-8CA6-945A86660D01}.Debug|Any CPU.ActiveCfg = Debug|Any CPU
		{21035A90-6636-461A-8CA6-945A86660D01}.Debug|Any CPU.Build.0 = Debug|Any CPU
		{21035A90-6636-461A-8CA6-945A86660D01}.Debug|x64.ActiveCfg = Debug|Any CPU
		{21035A90-6636-461A-8CA6-945A86660D01}.Debug|x64.Build.0 = Debug|Any CPU
		{21035A90-6636-461A-8CA6-945A86660D01}.Debug|x86.ActiveCfg = Debug|Any CPU
		{21035A90-6636-461A-8CA6-945A86660D01}.Debug|x86.Build.0 = Debug|Any CPU
		{21035A90-6636-461A-8CA6-945A86660D01}.Release|Any CPU.ActiveCfg = Release|Any CPU
		{21035A90-6636-461A-8CA6-945A86660D01}.Release|Any CPU.Build.0 = Release|Any CPU
		{21035A90-6636-461A-8CA6-945A86660D01}.Release|x64.ActiveCfg = Release|Any CPU
		{21035A90-6636-461A-8CA6-945A86660D01}.Release|x64.Build.0 = Release|Any CPU
		{21035A90-6636-461A-8CA6-945A86660D01}.Release|x86.ActiveCfg = Release|Any CPU
		{21035A90-6636-461A-8CA6-945A86660D01}.Release|x86.Build.0 = Release|Any CPU
		{9C1B87EA-24CD-4730-A0ED-8D2EA08D381B}.Debug|Any CPU.ActiveCfg = Debug|Any CPU
		{9C1B87EA-24CD-4730-A0ED-8D2EA08D381B}.Debug|Any CPU.Build.0 = Debug|Any CPU
		{9C1B87EA-24CD-4730-A0ED-8D2EA08D381B}.Debug|x64.ActiveCfg = Debug|Any CPU
		{9C1B87EA-24CD-4730-A0ED-8D2EA08D381B}.Debug|x64.Build.0 = Debug|Any CPU
		{9C1B87EA-24CD-4730-A0ED-8D2EA08D381B}.Debug|x86.ActiveCfg = Debug|Any CPU
		{9C1B87EA-24CD-4730-A0ED-8D2EA08D381B}.Debug|x86.Build.0 = Debug|Any CPU
		{9C1B87EA-24CD-4730-A0ED-8D2EA08D381B}.Release|Any CPU.ActiveCfg = Release|Any CPU
		{9C1B87EA-24CD-4730-A0ED-8D2EA08D381B}.Release|Any CPU.Build.0 = Release|Any CPU
		{9C1B87EA-24CD-4730-A0ED-8D2EA08D381B}.Release|x64.ActiveCfg = Release|Any CPU
		{9C1B87EA-24CD-4730-A0ED-8D2EA08D381B}.Release|x64.Build.0 = Release|Any CPU
		{9C1B87EA-24CD-4730-A0ED-8D2EA08D381B}.Release|x86.ActiveCfg = Release|Any CPU
		{9C1B87EA-24CD-4730-A0ED-8D2EA08D381B}.Release|x86.Build.0 = Release|Any CPU
		{F5BA5D36-A1AB-4A08-B968-E7906861DFCC}.Debug|Any CPU.ActiveCfg = Debug|Any CPU
		{F5BA5D36-A1AB-4A08-B968-E7906861DFCC}.Debug|Any CPU.Build.0 = Debug|Any CPU
		{F5BA5D36-A1AB-4A08-B968-E7906861DFCC}.Debug|x64.ActiveCfg = Debug|Any CPU
		{F5BA5D36-A1AB-4A08-B968-E7906861DFCC}.Debug|x64.Build.0 = Debug|Any CPU
		{F5BA5D36-A1AB-4A08-B968-E7906861DFCC}.Debug|x86.ActiveCfg = Debug|Any CPU
		{F5BA5D36-A1AB-4A08-B968-E7906861DFCC}.Debug|x86.Build.0 = Debug|Any CPU
		{F5BA5D36-A1AB-4A08-B968-E7906861DFCC}.Release|Any CPU.ActiveCfg = Release|Any CPU
		{F5BA5D36-A1AB-4A08-B968-E7906861DFCC}.Release|Any CPU.Build.0 = Release|Any CPU
		{F5BA5D36-A1AB-4A08-B968-E7906861DFCC}.Release|x64.ActiveCfg = Release|Any CPU
		{F5BA5D36-A1AB-4A08-B968-E7906861DFCC}.Release|x64.Build.0 = Release|Any CPU
		{F5BA5D36-A1AB-4A08-B968-E7906861DFCC}.Release|x86.ActiveCfg = Release|Any CPU
		{F5BA5D36-A1AB-4A08-B968-E7906861DFCC}.Release|x86.Build.0 = Release|Any CPU
		{6BA8E14A-35CD-4F60-8102-B7F777561D11}.Debug|Any CPU.ActiveCfg = Debug|Any CPU
		{6BA8E14A-35CD-4F60-8102-B7F777561D11}.Debug|Any CPU.Build.0 = Debug|Any CPU
		{6BA8E14A-35CD-4F60-8102-B7F777561D11}.Debug|x64.ActiveCfg = Debug|Any CPU
		{6BA8E14A-35CD-4F60-8102-B7F777561D11}.Debug|x64.Build.0 = Debug|Any CPU
		{6BA8E14A-35CD-4F60-8102-B7F777561D11}.Debug|x86.ActiveCfg = Debug|Any CPU
		{6BA8E14A-35CD-4F60-8102-B7F777561D11}.Debug|x86.Build.0 = Debug|Any CPU
		{6BA8E14A-35CD-4F60-8102-B7F777561D11}.Release|Any CPU.ActiveCfg = Release|Any CPU
		{6BA8E14A-35CD-4F60-8102-B7F777561D11}.Release|Any CPU.Build.0 = Release|Any CPU
		{6BA8E14A-35CD-4F60-8102-B7F777561D11}.Release|x64.ActiveCfg = Release|Any CPU
		{6BA8E14A-35CD-4F60-8102-B7F777561D11}.Release|x64.Build.0 = Release|Any CPU
		{6BA8E14A-35CD-4F60-8102-B7F777561D11}.Release|x86.ActiveCfg = Release|Any CPU
		{6BA8E14A-35CD-4F60-8102-B7F777561D11}.Release|x86.Build.0 = Release|Any CPU
		{50C42321-57A8-4152-9997-D0407BBC5562}.Debug|Any CPU.ActiveCfg = Debug|Any CPU
		{50C42321-57A8-4152-9997-D0407BBC5562}.Debug|Any CPU.Build.0 = Debug|Any CPU
		{50C42321-57A8-4152-9997-D0407BBC5562}.Debug|x64.ActiveCfg = Debug|Any CPU
		{50C42321-57A8-4152-9997-D0407BBC5562}.Debug|x64.Build.0 = Debug|Any CPU
		{50C42321-57A8-4152-9997-D0407BBC5562}.Debug|x86.ActiveCfg = Debug|Any CPU
		{50C42321-57A8-4152-9997-D0407BBC5562}.Debug|x86.Build.0 = Debug|Any CPU
		{50C42321-57A8-4152-9997-D0407BBC5562}.Release|Any CPU.ActiveCfg = Release|Any CPU
		{50C42321-57A8-4152-9997-D0407BBC5562}.Release|Any CPU.Build.0 = Release|Any CPU
		{50C42321-57A8-4152-9997-D0407BBC5562}.Release|x64.ActiveCfg = Release|Any CPU
		{50C42321-57A8-4152-9997-D0407BBC5562}.Release|x64.Build.0 = Release|Any CPU
		{50C42321-57A8-4152-9997-D0407BBC5562}.Release|x86.ActiveCfg = Release|Any CPU
		{50C42321-57A8-4152-9997-D0407BBC5562}.Release|x86.Build.0 = Release|Any CPU
		{2B606ECE-FADF-483E-9EDD-21805852A44D}.Debug|Any CPU.ActiveCfg = Debug|Any CPU
		{2B606ECE-FADF-483E-9EDD-21805852A44D}.Debug|Any CPU.Build.0 = Debug|Any CPU
		{2B606ECE-FADF-483E-9EDD-21805852A44D}.Debug|x64.ActiveCfg = Debug|Any CPU
		{2B606ECE-FADF-483E-9EDD-21805852A44D}.Debug|x64.Build.0 = Debug|Any CPU
		{2B606ECE-FADF-483E-9EDD-21805852A44D}.Debug|x86.ActiveCfg = Debug|Any CPU
		{2B606ECE-FADF-483E-9EDD-21805852A44D}.Debug|x86.Build.0 = Debug|Any CPU
		{2B606ECE-FADF-483E-9EDD-21805852A44D}.Release|Any CPU.ActiveCfg = Release|Any CPU
		{2B606ECE-FADF-483E-9EDD-21805852A44D}.Release|Any CPU.Build.0 = Release|Any CPU
		{2B606ECE-FADF-483E-9EDD-21805852A44D}.Release|x64.ActiveCfg = Release|Any CPU
		{2B606ECE-FADF-483E-9EDD-21805852A44D}.Release|x64.Build.0 = Release|Any CPU
		{2B606ECE-FADF-483E-9EDD-21805852A44D}.Release|x86.ActiveCfg = Release|Any CPU
		{2B606ECE-FADF-483E-9EDD-21805852A44D}.Release|x86.Build.0 = Release|Any CPU
		{041E93D4-35D7-4ECE-AE89-F67C6396FF3B}.Debug|Any CPU.ActiveCfg = Debug|Any CPU
		{041E93D4-35D7-4ECE-AE89-F67C6396FF3B}.Debug|Any CPU.Build.0 = Debug|Any CPU
		{041E93D4-35D7-4ECE-AE89-F67C6396FF3B}.Debug|x64.ActiveCfg = Debug|Any CPU
		{041E93D4-35D7-4ECE-AE89-F67C6396FF3B}.Debug|x64.Build.0 = Debug|Any CPU
		{041E93D4-35D7-4ECE-AE89-F67C6396FF3B}.Debug|x86.ActiveCfg = Debug|Any CPU
		{041E93D4-35D7-4ECE-AE89-F67C6396FF3B}.Debug|x86.Build.0 = Debug|Any CPU
		{041E93D4-35D7-4ECE-AE89-F67C6396FF3B}.Release|Any CPU.ActiveCfg = Release|Any CPU
		{041E93D4-35D7-4ECE-AE89-F67C6396FF3B}.Release|Any CPU.Build.0 = Release|Any CPU
		{041E93D4-35D7-4ECE-AE89-F67C6396FF3B}.Release|x64.ActiveCfg = Release|Any CPU
		{041E93D4-35D7-4ECE-AE89-F67C6396FF3B}.Release|x64.Build.0 = Release|Any CPU
		{041E93D4-35D7-4ECE-AE89-F67C6396FF3B}.Release|x86.ActiveCfg = Release|Any CPU
		{041E93D4-35D7-4ECE-AE89-F67C6396FF3B}.Release|x86.Build.0 = Release|Any CPU
		{EFD0FB37-71D4-4D73-B59E-515C501398E0}.Debug|Any CPU.ActiveCfg = Debug|Any CPU
		{EFD0FB37-71D4-4D73-B59E-515C501398E0}.Debug|Any CPU.Build.0 = Debug|Any CPU
		{EFD0FB37-71D4-4D73-B59E-515C501398E0}.Debug|x64.ActiveCfg = Debug|Any CPU
		{EFD0FB37-71D4-4D73-B59E-515C501398E0}.Debug|x64.Build.0 = Debug|Any CPU
		{EFD0FB37-71D4-4D73-B59E-515C501398E0}.Debug|x86.ActiveCfg = Debug|Any CPU
		{EFD0FB37-71D4-4D73-B59E-515C501398E0}.Debug|x86.Build.0 = Debug|Any CPU
		{EFD0FB37-71D4-4D73-B59E-515C501398E0}.Release|Any CPU.ActiveCfg = Release|Any CPU
		{EFD0FB37-71D4-4D73-B59E-515C501398E0}.Release|Any CPU.Build.0 = Release|Any CPU
		{EFD0FB37-71D4-4D73-B59E-515C501398E0}.Release|x64.ActiveCfg = Release|Any CPU
		{EFD0FB37-71D4-4D73-B59E-515C501398E0}.Release|x64.Build.0 = Release|Any CPU
		{EFD0FB37-71D4-4D73-B59E-515C501398E0}.Release|x86.ActiveCfg = Release|Any CPU
		{EFD0FB37-71D4-4D73-B59E-515C501398E0}.Release|x86.Build.0 = Release|Any CPU
		{5232508B-CCD8-48CC-94DB-D7D5A19E78FF}.Debug|Any CPU.ActiveCfg = Debug|Any CPU
		{5232508B-CCD8-48CC-94DB-D7D5A19E78FF}.Debug|Any CPU.Build.0 = Debug|Any CPU
		{5232508B-CCD8-48CC-94DB-D7D5A19E78FF}.Debug|x64.ActiveCfg = Debug|Any CPU
		{5232508B-CCD8-48CC-94DB-D7D5A19E78FF}.Debug|x64.Build.0 = Debug|Any CPU
		{5232508B-CCD8-48CC-94DB-D7D5A19E78FF}.Debug|x86.ActiveCfg = Debug|Any CPU
		{5232508B-CCD8-48CC-94DB-D7D5A19E78FF}.Debug|x86.Build.0 = Debug|Any CPU
		{5232508B-CCD8-48CC-94DB-D7D5A19E78FF}.Release|Any CPU.ActiveCfg = Release|Any CPU
		{5232508B-CCD8-48CC-94DB-D7D5A19E78FF}.Release|Any CPU.Build.0 = Release|Any CPU
		{5232508B-CCD8-48CC-94DB-D7D5A19E78FF}.Release|x64.ActiveCfg = Release|Any CPU
		{5232508B-CCD8-48CC-94DB-D7D5A19E78FF}.Release|x64.Build.0 = Release|Any CPU
		{5232508B-CCD8-48CC-94DB-D7D5A19E78FF}.Release|x86.ActiveCfg = Release|Any CPU
		{5232508B-CCD8-48CC-94DB-D7D5A19E78FF}.Release|x86.Build.0 = Release|Any CPU
		{68B29BBD-1CA1-45A6-9AF9-983FE866F9E0}.Debug|Any CPU.ActiveCfg = Debug|Any CPU
		{68B29BBD-1CA1-45A6-9AF9-983FE866F9E0}.Debug|Any CPU.Build.0 = Debug|Any CPU
		{68B29BBD-1CA1-45A6-9AF9-983FE866F9E0}.Debug|x64.ActiveCfg = Debug|Any CPU
		{68B29BBD-1CA1-45A6-9AF9-983FE866F9E0}.Debug|x64.Build.0 = Debug|Any CPU
		{68B29BBD-1CA1-45A6-9AF9-983FE866F9E0}.Debug|x86.ActiveCfg = Debug|Any CPU
		{68B29BBD-1CA1-45A6-9AF9-983FE866F9E0}.Debug|x86.Build.0 = Debug|Any CPU
		{68B29BBD-1CA1-45A6-9AF9-983FE866F9E0}.Release|Any CPU.ActiveCfg = Release|Any CPU
		{68B29BBD-1CA1-45A6-9AF9-983FE866F9E0}.Release|Any CPU.Build.0 = Release|Any CPU
		{68B29BBD-1CA1-45A6-9AF9-983FE866F9E0}.Release|x64.ActiveCfg = Release|Any CPU
		{68B29BBD-1CA1-45A6-9AF9-983FE866F9E0}.Release|x64.Build.0 = Release|Any CPU
		{68B29BBD-1CA1-45A6-9AF9-983FE866F9E0}.Release|x86.ActiveCfg = Release|Any CPU
		{68B29BBD-1CA1-45A6-9AF9-983FE866F9E0}.Release|x86.Build.0 = Release|Any CPU
		{49F2CE39-C95E-4396-BB43-F310A7FC537E}.Debug|Any CPU.ActiveCfg = Debug|Any CPU
		{49F2CE39-C95E-4396-BB43-F310A7FC537E}.Debug|Any CPU.Build.0 = Debug|Any CPU
		{49F2CE39-C95E-4396-BB43-F310A7FC537E}.Debug|x64.ActiveCfg = Debug|Any CPU
		{49F2CE39-C95E-4396-BB43-F310A7FC537E}.Debug|x64.Build.0 = Debug|Any CPU
		{49F2CE39-C95E-4396-BB43-F310A7FC537E}.Debug|x86.ActiveCfg = Debug|Any CPU
		{49F2CE39-C95E-4396-BB43-F310A7FC537E}.Debug|x86.Build.0 = Debug|Any CPU
		{49F2CE39-C95E-4396-BB43-F310A7FC537E}.Release|Any CPU.ActiveCfg = Release|Any CPU
		{49F2CE39-C95E-4396-BB43-F310A7FC537E}.Release|Any CPU.Build.0 = Release|Any CPU
		{49F2CE39-C95E-4396-BB43-F310A7FC537E}.Release|x64.ActiveCfg = Release|Any CPU
		{49F2CE39-C95E-4396-BB43-F310A7FC537E}.Release|x64.Build.0 = Release|Any CPU
		{49F2CE39-C95E-4396-BB43-F310A7FC537E}.Release|x86.ActiveCfg = Release|Any CPU
		{49F2CE39-C95E-4396-BB43-F310A7FC537E}.Release|x86.Build.0 = Release|Any CPU
		{D1BAE319-6E91-44E0-98E7-1E8D46ACB6B3}.Debug|Any CPU.ActiveCfg = Debug|Any CPU
		{D1BAE319-6E91-44E0-98E7-1E8D46ACB6B3}.Debug|Any CPU.Build.0 = Debug|Any CPU
		{D1BAE319-6E91-44E0-98E7-1E8D46ACB6B3}.Debug|x64.ActiveCfg = Debug|Any CPU
		{D1BAE319-6E91-44E0-98E7-1E8D46ACB6B3}.Debug|x64.Build.0 = Debug|Any CPU
		{D1BAE319-6E91-44E0-98E7-1E8D46ACB6B3}.Debug|x86.ActiveCfg = Debug|Any CPU
		{D1BAE319-6E91-44E0-98E7-1E8D46ACB6B3}.Debug|x86.Build.0 = Debug|Any CPU
		{D1BAE319-6E91-44E0-98E7-1E8D46ACB6B3}.Release|Any CPU.ActiveCfg = Release|Any CPU
		{D1BAE319-6E91-44E0-98E7-1E8D46ACB6B3}.Release|Any CPU.Build.0 = Release|Any CPU
		{D1BAE319-6E91-44E0-98E7-1E8D46ACB6B3}.Release|x64.ActiveCfg = Release|Any CPU
		{D1BAE319-6E91-44E0-98E7-1E8D46ACB6B3}.Release|x64.Build.0 = Release|Any CPU
		{D1BAE319-6E91-44E0-98E7-1E8D46ACB6B3}.Release|x86.ActiveCfg = Release|Any CPU
		{D1BAE319-6E91-44E0-98E7-1E8D46ACB6B3}.Release|x86.Build.0 = Release|Any CPU
		{8DF365A7-BE21-4CCD-B34C-EA514CB66EB6}.Debug|Any CPU.ActiveCfg = Debug|Any CPU
		{8DF365A7-BE21-4CCD-B34C-EA514CB66EB6}.Debug|Any CPU.Build.0 = Debug|Any CPU
		{8DF365A7-BE21-4CCD-B34C-EA514CB66EB6}.Debug|x64.ActiveCfg = Debug|Any CPU
		{8DF365A7-BE21-4CCD-B34C-EA514CB66EB6}.Debug|x64.Build.0 = Debug|Any CPU
		{8DF365A7-BE21-4CCD-B34C-EA514CB66EB6}.Debug|x86.ActiveCfg = Debug|Any CPU
		{8DF365A7-BE21-4CCD-B34C-EA514CB66EB6}.Debug|x86.Build.0 = Debug|Any CPU
		{8DF365A7-BE21-4CCD-B34C-EA514CB66EB6}.Release|Any CPU.ActiveCfg = Release|Any CPU
		{8DF365A7-BE21-4CCD-B34C-EA514CB66EB6}.Release|Any CPU.Build.0 = Release|Any CPU
		{8DF365A7-BE21-4CCD-B34C-EA514CB66EB6}.Release|x64.ActiveCfg = Release|Any CPU
		{8DF365A7-BE21-4CCD-B34C-EA514CB66EB6}.Release|x64.Build.0 = Release|Any CPU
		{8DF365A7-BE21-4CCD-B34C-EA514CB66EB6}.Release|x86.ActiveCfg = Release|Any CPU
		{8DF365A7-BE21-4CCD-B34C-EA514CB66EB6}.Release|x86.Build.0 = Release|Any CPU
		{FFD13685-CDAB-41CE-9B71-412886A84390}.Debug|Any CPU.ActiveCfg = Debug|Any CPU
		{FFD13685-CDAB-41CE-9B71-412886A84390}.Debug|Any CPU.Build.0 = Debug|Any CPU
		{FFD13685-CDAB-41CE-9B71-412886A84390}.Debug|x64.ActiveCfg = Debug|Any CPU
		{FFD13685-CDAB-41CE-9B71-412886A84390}.Debug|x64.Build.0 = Debug|Any CPU
		{FFD13685-CDAB-41CE-9B71-412886A84390}.Debug|x86.ActiveCfg = Debug|Any CPU
		{FFD13685-CDAB-41CE-9B71-412886A84390}.Debug|x86.Build.0 = Debug|Any CPU
		{FFD13685-CDAB-41CE-9B71-412886A84390}.Release|Any CPU.ActiveCfg = Release|Any CPU
		{FFD13685-CDAB-41CE-9B71-412886A84390}.Release|Any CPU.Build.0 = Release|Any CPU
		{FFD13685-CDAB-41CE-9B71-412886A84390}.Release|x64.ActiveCfg = Release|Any CPU
		{FFD13685-CDAB-41CE-9B71-412886A84390}.Release|x64.Build.0 = Release|Any CPU
		{FFD13685-CDAB-41CE-9B71-412886A84390}.Release|x86.ActiveCfg = Release|Any CPU
		{FFD13685-CDAB-41CE-9B71-412886A84390}.Release|x86.Build.0 = Release|Any CPU
		{D8374A41-EF09-4D99-81AE-D959D1A62F5A}.Debug|Any CPU.ActiveCfg = Debug|Any CPU
		{D8374A41-EF09-4D99-81AE-D959D1A62F5A}.Debug|Any CPU.Build.0 = Debug|Any CPU
		{D8374A41-EF09-4D99-81AE-D959D1A62F5A}.Debug|x64.ActiveCfg = Debug|Any CPU
		{D8374A41-EF09-4D99-81AE-D959D1A62F5A}.Debug|x64.Build.0 = Debug|Any CPU
		{D8374A41-EF09-4D99-81AE-D959D1A62F5A}.Debug|x86.ActiveCfg = Debug|Any CPU
		{D8374A41-EF09-4D99-81AE-D959D1A62F5A}.Debug|x86.Build.0 = Debug|Any CPU
		{D8374A41-EF09-4D99-81AE-D959D1A62F5A}.Release|Any CPU.ActiveCfg = Release|Any CPU
		{D8374A41-EF09-4D99-81AE-D959D1A62F5A}.Release|Any CPU.Build.0 = Release|Any CPU
		{D8374A41-EF09-4D99-81AE-D959D1A62F5A}.Release|x64.ActiveCfg = Release|Any CPU
		{D8374A41-EF09-4D99-81AE-D959D1A62F5A}.Release|x64.Build.0 = Release|Any CPU
		{D8374A41-EF09-4D99-81AE-D959D1A62F5A}.Release|x86.ActiveCfg = Release|Any CPU
		{D8374A41-EF09-4D99-81AE-D959D1A62F5A}.Release|x86.Build.0 = Release|Any CPU
	EndGlobalSection
	GlobalSection(NestedProjects) = preSolution
		{EC11DCCF-DA7A-4940-B2DF-753FDC843674} = {9DF4D31B-55A7-4062-A079-43CA413F3EAD}
		{A7CECCC5-BFF8-49D5-AB1A-D986D536A527} = {9DF4D31B-55A7-4062-A079-43CA413F3EAD}
		{4FC9F467-DEE7-4048-981B-299B0A10223D} = {9DF4D31B-55A7-4062-A079-43CA413F3EAD}
		{3144A2BA-82EC-480C-8722-97E4AA39F476} = {9DF4D31B-55A7-4062-A079-43CA413F3EAD}
		{745E6BD0-D36F-457D-BCCE-2EEC41A3516D} = {9DF4D31B-55A7-4062-A079-43CA413F3EAD}
		{B524554A-C30D-4831-B222-AA4CCAA3909F} = {9DF4D31B-55A7-4062-A079-43CA413F3EAD}
		{BB7DDF67-A9D7-4E4C-8E24-04315167B4A6} = {5EA38950-6A73-400C-8858-6840DCA6FD52}
		{373B16B4-C149-4631-A6D6-71C82360BEF4} = {5EA38950-6A73-400C-8858-6840DCA6FD52}
		{E9E80BE3-ADCF-4943-B555-6BBB5F8FBD92} = {5EA38950-6A73-400C-8858-6840DCA6FD52}
		{B0214478-0745-464A-8176-7153C4CC2EE5} = {5EA38950-6A73-400C-8858-6840DCA6FD52}
		{85345BE2-B175-4637-AF95-0E6EAB9321CA} = {5EA38950-6A73-400C-8858-6840DCA6FD52}
		{D7722F9B-D675-4D2C-9AD4-CA55F54AC552} = {5EA38950-6A73-400C-8858-6840DCA6FD52}
		{FAF78AF0-13A8-4D55-BA1E-08606C93E52E} = {5EA38950-6A73-400C-8858-6840DCA6FD52}
		{21035A90-6636-461A-8CA6-945A86660D01} = {5EA38950-6A73-400C-8858-6840DCA6FD52}
		{9C1B87EA-24CD-4730-A0ED-8D2EA08D381B} = {9DF4D31B-55A7-4062-A079-43CA413F3EAD}
		{F5BA5D36-A1AB-4A08-B968-E7906861DFCC} = {9DF4D31B-55A7-4062-A079-43CA413F3EAD}
		{6BA8E14A-35CD-4F60-8102-B7F777561D11} = {9DF4D31B-55A7-4062-A079-43CA413F3EAD}
		{50C42321-57A8-4152-9997-D0407BBC5562} = {9DF4D31B-55A7-4062-A079-43CA413F3EAD}
		{2B606ECE-FADF-483E-9EDD-21805852A44D} = {9DF4D31B-55A7-4062-A079-43CA413F3EAD}
		{041E93D4-35D7-4ECE-AE89-F67C6396FF3B} = {9DF4D31B-55A7-4062-A079-43CA413F3EAD}
		{EFD0FB37-71D4-4D73-B59E-515C501398E0} = {9DF4D31B-55A7-4062-A079-43CA413F3EAD}
		{5232508B-CCD8-48CC-94DB-D7D5A19E78FF} = {D9AE02FD-C082-4088-B6F7-8D7297408246}
		{68B29BBD-1CA1-45A6-9AF9-983FE866F9E0} = {9DF4D31B-55A7-4062-A079-43CA413F3EAD}
		{49F2CE39-C95E-4396-BB43-F310A7FC537E} = {9DF4D31B-55A7-4062-A079-43CA413F3EAD}
		{D1BAE319-6E91-44E0-98E7-1E8D46ACB6B3} = {5EA38950-6A73-400C-8858-6840DCA6FD52}
		{8DF365A7-BE21-4CCD-B34C-EA514CB66EB6} = {5EA38950-6A73-400C-8858-6840DCA6FD52}
		{FFD13685-CDAB-41CE-9B71-412886A84390} = {9DF4D31B-55A7-4062-A079-43CA413F3EAD}
		{D8374A41-EF09-4D99-81AE-D959D1A62F5A} = {9DF4D31B-55A7-4062-A079-43CA413F3EAD}
	EndGlobalSection
EndGlobal
