
Microsoft Visual Studio Solution File, Format Version 12.00
# Visual Studio Version 16
VisualStudioVersion = 16.0.30114.105
MinimumVisualStudioVersion = 10.0.40219.1
Project("{2150E333-8FDC-42A3-9474-1A3956D46DE8}") = "Libs", "Libs", "{9DF4D31B-55A7-4062-A079-43CA413F3EAD}"
EndProject
Project("{FAE04EC0-301F-11D3-BF4B-00C04F79EFBC}") = "Sentinel.Common", "Libs\Sentinel.Common\Sentinel.Common.csproj", "{EC11DCCF-DA7A-4940-B2DF-753FDC843674}"
EndProject
Project("{FAE04EC0-301F-11D3-BF4B-00C04F79EFBC}") = "Sentinel.Common.Tests", "Libs\Sentinel.Common.Tests\Sentinel.Common.Tests.csproj", "{A7CECCC5-BFF8-49D5-AB1A-D986D536A527}"
EndProject
Project("{FAE04EC0-301F-11D3-BF4B-00C04F79EFBC}") = "Sentinel.K8s", "Libs\Sentinel.K8s\Sentinel.K8s.csproj", "{4FC9F467-DEE7-4048-981B-299B0A10223D}"
EndProject
Project("{FAE04EC0-301F-11D3-BF4B-00C04F79EFBC}") = "Sentinel.K8s.Tests", "Libs\Sentinel.K8s.Tests\Sentinel.K8s.Tests.csproj", "{3144A2BA-82EC-480C-8722-97E4AA39F476}"
EndProject
Project("{FAE04EC0-301F-11D3-BF4B-00C04F79EFBC}") = "Sentinel.Models", "Libs\Sentinel.Models\Sentinel.Models.csproj", "{745E6BD0-D36F-457D-BCCE-2EEC41A3516D}"
EndProject
Project("{FAE04EC0-301F-11D3-BF4B-00C04F79EFBC}") = "Sentinel.Models.Tests", "Libs\Sentinel.Models.Tests\Sentinel.Models.Tests.csproj", "{B524554A-C30D-4831-B222-AA4CCAA3909F}"
EndProject
Global
	GlobalSection(SolutionConfigurationPlatforms) = preSolution
		Debug|Any CPU = Debug|Any CPU
		Debug|x64 = Debug|x64
		Debug|x86 = Debug|x86
		Release|Any CPU = Release|Any CPU
		Release|x64 = Release|x64
		Release|x86 = Release|x86
	EndGlobalSection
	GlobalSection(SolutionProperties) = preSolution
		HideSolutionNode = FALSE
	EndGlobalSection
	GlobalSection(ProjectConfigurationPlatforms) = postSolution
		{EC11DCCF-DA7A-4940-B2DF-753FDC843674}.Debug|Any CPU.ActiveCfg = Debug|Any CPU
		{EC11DCCF-DA7A-4940-B2DF-753FDC843674}.Debug|Any CPU.Build.0 = Debug|Any CPU
		{EC11DCCF-DA7A-4940-B2DF-753FDC843674}.Debug|x64.ActiveCfg = Debug|Any CPU
		{EC11DCCF-DA7A-4940-B2DF-753FDC843674}.Debug|x64.Build.0 = Debug|Any CPU
		{EC11DCCF-DA7A-4940-B2DF-753FDC843674}.Debug|x86.ActiveCfg = Debug|Any CPU
		{EC11DCCF-DA7A-4940-B2DF-753FDC843674}.Debug|x86.Build.0 = Debug|Any CPU
		{EC11DCCF-DA7A-4940-B2DF-753FDC843674}.Release|Any CPU.ActiveCfg = Release|Any CPU
		{EC11DCCF-DA7A-4940-B2DF-753FDC843674}.Release|Any CPU.Build.0 = Release|Any CPU
		{EC11DCCF-DA7A-4940-B2DF-753FDC843674}.Release|x64.ActiveCfg = Release|Any CPU
		{EC11DCCF-DA7A-4940-B2DF-753FDC843674}.Release|x64.Build.0 = Release|Any CPU
		{EC11DCCF-DA7A-4940-B2DF-753FDC843674}.Release|x86.ActiveCfg = Release|Any CPU
		{EC11DCCF-DA7A-4940-B2DF-753FDC843674}.Release|x86.Build.0 = Release|Any CPU
		{A7CECCC5-BFF8-49D5-AB1A-D986D536A527}.Debug|Any CPU.ActiveCfg = Debug|Any CPU
		{A7CECCC5-BFF8-49D5-AB1A-D986D536A527}.Debug|Any CPU.Build.0 = Debug|Any CPU
		{A7CECCC5-BFF8-49D5-AB1A-D986D536A527}.Debug|x64.ActiveCfg = Debug|Any CPU
		{A7CECCC5-BFF8-49D5-AB1A-D986D536A527}.Debug|x64.Build.0 = Debug|Any CPU
		{A7CECCC5-BFF8-49D5-AB1A-D986D536A527}.Debug|x86.ActiveCfg = Debug|Any CPU
		{A7CECCC5-BFF8-49D5-AB1A-D986D536A527}.Debug|x86.Build.0 = Debug|Any CPU
		{A7CECCC5-BFF8-49D5-AB1A-D986D536A527}.Release|Any CPU.ActiveCfg = Release|Any CPU
		{A7CECCC5-BFF8-49D5-AB1A-D986D536A527}.Release|Any CPU.Build.0 = Release|Any CPU
		{A7CECCC5-BFF8-49D5-AB1A-D986D536A527}.Release|x64.ActiveCfg = Release|Any CPU
		{A7CECCC5-BFF8-49D5-AB1A-D986D536A527}.Release|x64.Build.0 = Release|Any CPU
		{A7CECCC5-BFF8-49D5-AB1A-D986D536A527}.Release|x86.ActiveCfg = Release|Any CPU
		{A7CECCC5-BFF8-49D5-AB1A-D986D536A527}.Release|x86.Build.0 = Release|Any CPU
		{4FC9F467-DEE7-4048-981B-299B0A10223D}.Debug|Any CPU.ActiveCfg = Debug|Any CPU
		{4FC9F467-DEE7-4048-981B-299B0A10223D}.Debug|Any CPU.Build.0 = Debug|Any CPU
		{4FC9F467-DEE7-4048-981B-299B0A10223D}.Debug|x64.ActiveCfg = Debug|Any CPU
		{4FC9F467-DEE7-4048-981B-299B0A10223D}.Debug|x64.Build.0 = Debug|Any CPU
		{4FC9F467-DEE7-4048-981B-299B0A10223D}.Debug|x86.ActiveCfg = Debug|Any CPU
		{4FC9F467-DEE7-4048-981B-299B0A10223D}.Debug|x86.Build.0 = Debug|Any CPU
		{4FC9F467-DEE7-4048-981B-299B0A10223D}.Release|Any CPU.ActiveCfg = Release|Any CPU
		{4FC9F467-DEE7-4048-981B-299B0A10223D}.Release|Any CPU.Build.0 = Release|Any CPU
		{4FC9F467-DEE7-4048-981B-299B0A10223D}.Release|x64.ActiveCfg = Release|Any CPU
		{4FC9F467-DEE7-4048-981B-299B0A10223D}.Release|x64.Build.0 = Release|Any CPU
		{4FC9F467-DEE7-4048-981B-299B0A10223D}.Release|x86.ActiveCfg = Release|Any CPU
		{4FC9F467-DEE7-4048-981B-299B0A10223D}.Release|x86.Build.0 = Release|Any CPU
		{3144A2BA-82EC-480C-8722-97E4AA39F476}.Debug|Any CPU.ActiveCfg = Debug|Any CPU
		{3144A2BA-82EC-480C-8722-97E4AA39F476}.Debug|Any CPU.Build.0 = Debug|Any CPU
		{3144A2BA-82EC-480C-8722-97E4AA39F476}.Debug|x64.ActiveCfg = Debug|Any CPU
		{3144A2BA-82EC-480C-8722-97E4AA39F476}.Debug|x64.Build.0 = Debug|Any CPU
		{3144A2BA-82EC-480C-8722-97E4AA39F476}.Debug|x86.ActiveCfg = Debug|Any CPU
		{3144A2BA-82EC-480C-8722-97E4AA39F476}.Debug|x86.Build.0 = Debug|Any CPU
		{3144A2BA-82EC-480C-8722-97E4AA39F476}.Release|Any CPU.ActiveCfg = Release|Any CPU
		{3144A2BA-82EC-480C-8722-97E4AA39F476}.Release|Any CPU.Build.0 = Release|Any CPU
		{3144A2BA-82EC-480C-8722-97E4AA39F476}.Release|x64.ActiveCfg = Release|Any CPU
		{3144A2BA-82EC-480C-8722-97E4AA39F476}.Release|x64.Build.0 = Release|Any CPU
		{3144A2BA-82EC-480C-8722-97E4AA39F476}.Release|x86.ActiveCfg = Release|Any CPU
		{3144A2BA-82EC-480C-8722-97E4AA39F476}.Release|x86.Build.0 = Release|Any CPU
		{745E6BD0-D36F-457D-BCCE-2EEC41A3516D}.Debug|Any CPU.ActiveCfg = Debug|Any CPU
		{745E6BD0-D36F-457D-BCCE-2EEC41A3516D}.Debug|Any CPU.Build.0 = Debug|Any CPU
		{745E6BD0-D36F-457D-BCCE-2EEC41A3516D}.Debug|x64.ActiveCfg = Debug|Any CPU
		{745E6BD0-D36F-457D-BCCE-2EEC41A3516D}.Debug|x64.Build.0 = Debug|Any CPU
		{745E6BD0-D36F-457D-BCCE-2EEC41A3516D}.Debug|x86.ActiveCfg = Debug|Any CPU
		{745E6BD0-D36F-457D-BCCE-2EEC41A3516D}.Debug|x86.Build.0 = Debug|Any CPU
		{745E6BD0-D36F-457D-BCCE-2EEC41A3516D}.Release|Any CPU.ActiveCfg = Release|Any CPU
		{745E6BD0-D36F-457D-BCCE-2EEC41A3516D}.Release|Any CPU.Build.0 = Release|Any CPU
		{745E6BD0-D36F-457D-BCCE-2EEC41A3516D}.Release|x64.ActiveCfg = Release|Any CPU
		{745E6BD0-D36F-457D-BCCE-2EEC41A3516D}.Release|x64.Build.0 = Release|Any CPU
		{745E6BD0-D36F-457D-BCCE-2EEC41A3516D}.Release|x86.ActiveCfg = Release|Any CPU
		{745E6BD0-D36F-457D-BCCE-2EEC41A3516D}.Release|x86.Build.0 = Release|Any CPU
		{B524554A-C30D-4831-B222-AA4CCAA3909F}.Debug|Any CPU.ActiveCfg = Debug|Any CPU
		{B524554A-C30D-4831-B222-AA4CCAA3909F}.Debug|Any CPU.Build.0 = Debug|Any CPU
		{B524554A-C30D-4831-B222-AA4CCAA3909F}.Debug|x64.ActiveCfg = Debug|Any CPU
		{B524554A-C30D-4831-B222-AA4CCAA3909F}.Debug|x64.Build.0 = Debug|Any CPU
		{B524554A-C30D-4831-B222-AA4CCAA3909F}.Debug|x86.ActiveCfg = Debug|Any CPU
		{B524554A-C30D-4831-B222-AA4CCAA3909F}.Debug|x86.Build.0 = Debug|Any CPU
		{B524554A-C30D-4831-B222-AA4CCAA3909F}.Release|Any CPU.ActiveCfg = Release|Any CPU
		{B524554A-C30D-4831-B222-AA4CCAA3909F}.Release|Any CPU.Build.0 = Release|Any CPU
		{B524554A-C30D-4831-B222-AA4CCAA3909F}.Release|x64.ActiveCfg = Release|Any CPU
		{B524554A-C30D-4831-B222-AA4CCAA3909F}.Release|x64.Build.0 = Release|Any CPU
		{B524554A-C30D-4831-B222-AA4CCAA3909F}.Release|x86.ActiveCfg = Release|Any CPU
		{B524554A-C30D-4831-B222-AA4CCAA3909F}.Release|x86.Build.0 = Release|Any CPU
	EndGlobalSection
	GlobalSection(NestedProjects) = preSolution
		{EC11DCCF-DA7A-4940-B2DF-753FDC843674} = {9DF4D31B-55A7-4062-A079-43CA413F3EAD}
		{A7CECCC5-BFF8-49D5-AB1A-D986D536A527} = {9DF4D31B-55A7-4062-A079-43CA413F3EAD}
		{4FC9F467-DEE7-4048-981B-299B0A10223D} = {9DF4D31B-55A7-4062-A079-43CA413F3EAD}
		{3144A2BA-82EC-480C-8722-97E4AA39F476} = {9DF4D31B-55A7-4062-A079-43CA413F3EAD}
		{745E6BD0-D36F-457D-BCCE-2EEC41A3516D} = {9DF4D31B-55A7-4062-A079-43CA413F3EAD}
		{B524554A-C30D-4831-B222-AA4CCAA3909F} = {9DF4D31B-55A7-4062-A079-43CA413F3EAD}
	EndGlobalSection
EndGlobal
