
Microsoft Visual Studio Solution File, Format Version 12.00
# Visual Studio Version 16
VisualStudioVersion = 16.0.30114.105
MinimumVisualStudioVersion = 10.0.40219.1
Project("{FAE04EC0-301F-11D3-BF4B-00C04F79EFBC}") = "Sentinel.Worker.Comms", "Sentinel.Worker.Comms.csproj", "{1224D535-1550-41B4-9EB7-DBAB4F6535FB}"
EndProject
Project("{FAE04EC0-301F-11D3-BF4B-00C04F79EFBC}") = "Sentinel.Worker.Comms.Tests", "..\Sentinel.Worker.Comms.Tests\Sentinel.Worker.Comms.Tests.csproj", "{F1522E1B-4E17-4938-8D37-E2B96FBA2DD0}"
EndProject
Global
	GlobalSection(SolutionConfigurationPlatforms) = preSolution
		Debug|Any CPU = Debug|Any CPU
		Debug|x64 = Debug|x64
		Debug|x86 = Debug|x86
		Release|Any CPU = Release|Any CPU
		Release|x64 = Release|x64
		Release|x86 = Release|x86
	EndGlobalSection
	GlobalSection(SolutionProperties) = preSolution
		HideSolutionNode = FALSE
	EndGlobalSection
	GlobalSection(ProjectConfigurationPlatforms) = postSolution
		{1224D535-1550-41B4-9EB7-DBAB4F6535FB}.Debug|Any CPU.ActiveCfg = Debug|Any CPU
		{1224D535-1550-41B4-9EB7-DBAB4F6535FB}.Debug|Any CPU.Build.0 = Debug|Any CPU
		{1224D535-1550-41B4-9EB7-DBAB4F6535FB}.Debug|x64.ActiveCfg = Debug|Any CPU
		{1224D535-1550-41B4-9EB7-DBAB4F6535FB}.Debug|x64.Build.0 = Debug|Any CPU
		{1224D535-1550-41B4-9EB7-DBAB4F6535FB}.Debug|x86.ActiveCfg = Debug|Any CPU
		{1224D535-1550-41B4-9EB7-DBAB4F6535FB}.Debug|x86.Build.0 = Debug|Any CPU
		{1224D535-1550-41B4-9EB7-DBAB4F6535FB}.Release|Any CPU.ActiveCfg = Release|Any CPU
		{1224D535-1550-41B4-9EB7-DBAB4F6535FB}.Release|Any CPU.Build.0 = Release|Any CPU
		{1224D535-1550-41B4-9EB7-DBAB4F6535FB}.Release|x64.ActiveCfg = Release|Any CPU
		{1224D535-1550-41B4-9EB7-DBAB4F6535FB}.Release|x64.Build.0 = Release|Any CPU
		{1224D535-1550-41B4-9EB7-DBAB4F6535FB}.Release|x86.ActiveCfg = Release|Any CPU
		{1224D535-1550-41B4-9EB7-DBAB4F6535FB}.Release|x86.Build.0 = Release|Any CPU
		{F1522E1B-4E17-4938-8D37-E2B96FBA2DD0}.Debug|Any CPU.ActiveCfg = Debug|Any CPU
		{F1522E1B-4E17-4938-8D37-E2B96FBA2DD0}.Debug|Any CPU.Build.0 = Debug|Any CPU
		{F1522E1B-4E17-4938-8D37-E2B96FBA2DD0}.Debug|x64.ActiveCfg = Debug|Any CPU
		{F1522E1B-4E17-4938-8D37-E2B96FBA2DD0}.Debug|x64.Build.0 = Debug|Any CPU
		{F1522E1B-4E17-4938-8D37-E2B96FBA2DD0}.Debug|x86.ActiveCfg = Debug|Any CPU
		{F1522E1B-4E17-4938-8D37-E2B96FBA2DD0}.Debug|x86.Build.0 = Debug|Any CPU
		{F1522E1B-4E17-4938-8D37-E2B96FBA2DD0}.Release|Any CPU.ActiveCfg = Release|Any CPU
		{F1522E1B-4E17-4938-8D37-E2B96FBA2DD0}.Release|Any CPU.Build.0 = Release|Any CPU
		{F1522E1B-4E17-4938-8D37-E2B96FBA2DD0}.Release|x64.ActiveCfg = Release|Any CPU
		{F1522E1B-4E17-4938-8D37-E2B96FBA2DD0}.Release|x64.Build.0 = Release|Any CPU
		{F1522E1B-4E17-4938-8D37-E2B96FBA2DD0}.Release|x86.ActiveCfg = Release|Any CPU
		{F1522E1B-4E17-4938-8D37-E2B96FBA2DD0}.Release|x86.Build.0 = Release|Any CPU
	EndGlobalSection
EndGlobal
