
Microsoft Visual Studio Solution File, Format Version 12.00
# Visual Studio Version 16
VisualStudioVersion = 16.0.30114.105
MinimumVisualStudioVersion = 10.0.40219.1
Project("{FAE04EC0-301F-11D3-BF4B-00C04F79EFBC}") = "Sentinel.Worker.Screenshot", "Sentinel.Worker.Screenshot.csproj", "{C86D5F36-4270-4676-933C-B4194DA32AA0}"
EndProject
Project("{FAE04EC0-301F-11D3-BF4B-00C04F79EFBC}") = "Sentinel.Worker.Screenshot.Tests", "..\Sentinel.Worker.Screenshot.Tests\Sentinel.Worker.Screenshot.Tests.csproj", "{FFA8568D-A737-4A6D-936C-2A16B9B69605}"
EndProject
Global
	GlobalSection(SolutionConfigurationPlatforms) = preSolution
		Debug|Any CPU = Debug|Any CPU
		Debug|x64 = Debug|x64
		Debug|x86 = Debug|x86
		Release|Any CPU = Release|Any CPU
		Release|x64 = Release|x64
		Release|x86 = Release|x86
	EndGlobalSection
	GlobalSection(SolutionProperties) = preSolution
		HideSolutionNode = FALSE
	EndGlobalSection
	GlobalSection(ProjectConfigurationPlatforms) = postSolution
		{C86D5F36-4270-4676-933C-B4194DA32AA0}.Debug|Any CPU.ActiveCfg = Debug|Any CPU
		{C86D5F36-4270-4676-933C-B4194DA32AA0}.Debug|Any CPU.Build.0 = Debug|Any CPU
		{C86D5F36-4270-4676-933C-B4194DA32AA0}.Debug|x64.ActiveCfg = Debug|Any CPU
		{C86D5F36-4270-4676-933C-B4194DA32AA0}.Debug|x64.Build.0 = Debug|Any CPU
		{C86D5F36-4270-4676-933C-B4194DA32AA0}.Debug|x86.ActiveCfg = Debug|Any CPU
		{C86D5F36-4270-4676-933C-B4194DA32AA0}.Debug|x86.Build.0 = Debug|Any CPU
		{C86D5F36-4270-4676-933C-B4194DA32AA0}.Release|Any CPU.ActiveCfg = Release|Any CPU
		{C86D5F36-4270-4676-933C-B4194DA32AA0}.Release|Any CPU.Build.0 = Release|Any CPU
		{C86D5F36-4270-4676-933C-B4194DA32AA0}.Release|x64.ActiveCfg = Release|Any CPU
		{C86D5F36-4270-4676-933C-B4194DA32AA0}.Release|x64.Build.0 = Release|Any CPU
		{C86D5F36-4270-4676-933C-B4194DA32AA0}.Release|x86.ActiveCfg = Release|Any CPU
		{C86D5F36-4270-4676-933C-B4194DA32AA0}.Release|x86.Build.0 = Release|Any CPU
		{FFA8568D-A737-4A6D-936C-2A16B9B69605}.Debug|Any CPU.ActiveCfg = Debug|Any CPU
		{FFA8568D-A737-4A6D-936C-2A16B9B69605}.Debug|Any CPU.Build.0 = Debug|Any CPU
		{FFA8568D-A737-4A6D-936C-2A16B9B69605}.Debug|x64.ActiveCfg = Debug|Any CPU
		{FFA8568D-A737-4A6D-936C-2A16B9B69605}.Debug|x64.Build.0 = Debug|Any CPU
		{FFA8568D-A737-4A6D-936C-2A16B9B69605}.Debug|x86.ActiveCfg = Debug|Any CPU
		{FFA8568D-A737-4A6D-936C-2A16B9B69605}.Debug|x86.Build.0 = Debug|Any CPU
		{FFA8568D-A737-4A6D-936C-2A16B9B69605}.Release|Any CPU.ActiveCfg = Release|Any CPU
		{FFA8568D-A737-4A6D-936C-2A16B9B69605}.Release|Any CPU.Build.0 = Release|Any CPU
		{FFA8568D-A737-4A6D-936C-2A16B9B69605}.Release|x64.ActiveCfg = Release|Any CPU
		{FFA8568D-A737-4A6D-936C-2A16B9B69605}.Release|x64.Build.0 = Release|Any CPU
		{FFA8568D-A737-4A6D-936C-2A16B9B69605}.Release|x86.ActiveCfg = Release|Any CPU
		{FFA8568D-A737-4A6D-936C-2A16B9B69605}.Release|x86.Build.0 = Release|Any CPU
	EndGlobalSection
EndGlobal
